
Microsoft Visual Studio Solution File, Format Version 12.00
# Visual Studio 2012
Project("{F184B08F-C81C-45F6-A57F-5ABD9991F28F}") = "SingleAdvisorGenerate", "SingleAdvisorGenerate\SingleAdvisorGenerate.vbproj", "{BAFB5D2F-EE86-4371-8C36-25F9DF51C2A0}"
EndProject
Global
	GlobalSection(SolutionConfigurationPlatforms) = preSolution
		Debug|Any CPU = Debug|Any CPU
		Release|Any CPU = Release|Any CPU
	EndGlobalSection
	GlobalSection(ProjectConfigurationPlatforms) = postSolution
		{BAFB5D2F-EE86-4371-8C36-25F9DF51C2A0}.Debug|Any CPU.ActiveCfg = Debug|Any CPU
		{BAFB5D2F-EE86-4371-8C36-25F9DF51C2A0}.Debug|Any CPU.Build.0 = Debug|Any CPU
		{BAFB5D2F-EE86-4371-8C36-25F9DF51C2A0}.Release|Any CPU.ActiveCfg = Release|Any CPU
		{BAFB5D2F-EE86-4371-8C36-25F9DF51C2A0}.Release|Any CPU.Build.0 = Release|Any CPU
	EndGlobalSection
	GlobalSection(SolutionProperties) = preSolution
		HideSolutionNode = FALSE
	EndGlobalSection
EndGlobal
